<?xml version="1.0" encoding="utf-8"?>
<Project ToolsVersion="4.0" xmlns="http://schemas.microsoft.com/developer/msbuild/2003">
  <ItemGroup>
    <ClCompile Include="Kirby.cpp" />
    <ClCompile Include="TitleLevel.cpp">
      <Filter>Level</Filter>
    </ClCompile>
    <ClCompile Include="EndingLevel.cpp">
      <Filter>Level</Filter>
    </ClCompile>
    <ClCompile Include="TitleLogo.cpp">
      <Filter>Title</Filter>
    </ClCompile>
    <ClCompile Include="EndingCredit.cpp">
      <Filter>Ending</Filter>
    </ClCompile>
    <ClCompile Include="PlayerHP.cpp">
      <Filter>UI\HP</Filter>
    </ClCompile>
    <ClCompile Include="MonsterHP.cpp">
      <Filter>UI\HP</Filter>
    </ClCompile>
    <ClCompile Include="Status.cpp">
      <Filter>UI</Filter>
    </ClCompile>
    <ClCompile Include="Level_1.cpp">
      <Filter>Level\PlayLevel</Filter>
    </ClCompile>
    <ClCompile Include="BossLevel.cpp">
      <Filter>Level\PlayLevel</Filter>
    </ClCompile>
    <ClCompile Include="Level_2.cpp">
      <Filter>Level\PlayLevel</Filter>
    </ClCompile>
    <ClCompile Include="Level_3.cpp">
      <Filter>Level\PlayLevel</Filter>
    </ClCompile>
    <ClCompile Include="Level_4.cpp">
      <Filter>Level\PlayLevel</Filter>
    </ClCompile>
    <ClCompile Include="BossRoomLevel.cpp">
      <Filter>Level\PlayLevel</Filter>
    </ClCompile>
    <ClCompile Include="Bullet.cpp">
      <Filter>Actor\Play\Kirby</Filter>
    </ClCompile>
    <ClCompile Include="PlayUI.cpp">
      <Filter>Actor\Play\Global</Filter>
    </ClCompile>
    <ClCompile Include="Player_State.cpp">
      <Filter>Actor\Play\Global</Filter>
    </ClCompile>
    <ClCompile Include="Player.cpp">
      <Filter>Actor\Play\Global</Filter>
    </ClCompile>
    <ClCompile Include="Monster.cpp">
      <Filter>Actor\Play\Global</Filter>
    </ClCompile>
    <ClCompile Include="Item.cpp">
      <Filter>Actor\Play\Global</Filter>
    </ClCompile>
    <ClCompile Include="WaddleDee.cpp">
      <Filter>Actor\Play\Monster\Default</Filter>
    </ClCompile>
    <ClCompile Include="Scarfy.cpp">
      <Filter>Actor\Play\Monster\Default</Filter>
    </ClCompile>
    <ClCompile Include="IceKirby.cpp">
      <Filter>Actor\Play\Kirby</Filter>
    </ClCompile>
    <ClCompile Include="MetalKirby.cpp">
      <Filter>Actor\Play\Kirby</Filter>
    </ClCompile>
    <ClCompile Include="BackGround.cpp">
      <Filter>Actor\Play\Global\Back</Filter>
    </ClCompile>
    <ClCompile Include="Stage.cpp">
      <Filter>Actor\Play\Global\Back</Filter>
    </ClCompile>
    <ClCompile Include="MapActor.cpp">
      <Filter>Actor\Play\Global\Back</Filter>
    </ClCompile>
    <ClCompile Include="BigWaddleDee.cpp">
      <Filter>Actor\Play\Monster\Default</Filter>
    </ClCompile>
    <ClCompile Include="Grass.cpp">
      <Filter>Actor\Play\Global\Back\Grass</Filter>
    </ClCompile>
    <ClCompile Include="Grass_1.cpp">
      <Filter>Actor\Play\Global\Back\Grass</Filter>
    </ClCompile>
    <ClCompile Include="Grass_2.cpp">
      <Filter>Actor\Play\Global\Back\Grass</Filter>
    </ClCompile>
    <ClCompile Include="Kingdedede.cpp">
      <Filter>Actor\Play\Monster\Skilled</Filter>
    </ClCompile>
    <ClCompile Include="Metalun.cpp">
      <Filter>Actor\Play\Monster\Skilled</Filter>
    </ClCompile>
    <ClCompile Include="Pengy.cpp">
      <Filter>Actor\Play\Monster\Skilled</Filter>
    </ClCompile>
    <ClCompile Include="Sparky.cpp">
      <Filter>Actor\Play\Monster\Skilled</Filter>
    </ClCompile>
    <ClCompile Include="SparkKirby.cpp">
      <Filter>Actor\Play\Kirby</Filter>
    </ClCompile>
    <ClCompile Include="Grass_3.cpp">
      <Filter>Actor\Play\Global\Back\Grass</Filter>
    </ClCompile>
    <ClCompile Include="Grass_4.cpp">
      <Filter>Actor\Play\Global\Back\Grass</Filter>
    </ClCompile>
    <ClCompile Include="Grass_5.cpp">
      <Filter>Actor\Play\Global\Back\Grass</Filter>
    </ClCompile>
    <ClCompile Include="Water.cpp">
      <Filter>Actor\Play\Global\Back\Grass</Filter>
    </ClCompile>
    <ClCompile Include="Water_1.cpp">
      <Filter>Actor\Play\Global\Back\Grass</Filter>
    </ClCompile>
    <ClCompile Include="Water_2.cpp">
      <Filter>Actor\Play\Global\Back\Grass</Filter>
    </ClCompile>
    <ClCompile Include="Effect_Slide.cpp">
      <Filter>Actor\Play\Effect</Filter>
    </ClCompile>
    <ClCompile Include="Effect_Exhale.cpp">
      <Filter>Actor\Play\Effect</Filter>
    </ClCompile>
    <ClCompile Include="Effect_IceBreath.cpp">
      <Filter>Actor\Play\Effect</Filter>
    </ClCompile>
    <ClCompile Include="Effect_RunToStop.cpp">
      <Filter>Actor\Play\Effect</Filter>
    </ClCompile>
    <ClCompile Include="Effect_Attack.cpp">
      <Filter>Actor\Play\Effect</Filter>
    </ClCompile>
    <ClCompile Include="Effect_Star.cpp">
      <Filter>Actor\Play\Effect</Filter>
    </ClCompile>
    <ClCompile Include="Effect_Inhale.cpp">
      <Filter>Actor\Play\Effect</Filter>
    </ClCompile>
    <ClCompile Include="Effect_IceBox.cpp">
      <Filter>Actor\Play\Effect</Filter>
    </ClCompile>
  </ItemGroup>
  <ItemGroup>
    <ClInclude Include="Kirby.h" />
    <ClInclude Include="TitleLevel.h">
      <Filter>Level</Filter>
    </ClInclude>
    <ClInclude Include="EndingLevel.h">
      <Filter>Level</Filter>
    </ClInclude>
    <ClInclude Include="TitleLogo.h">
      <Filter>Title</Filter>
    </ClInclude>
    <ClInclude Include="EndingCredit.h">
      <Filter>Ending</Filter>
    </ClInclude>
    <ClInclude Include="PlayerHP.h">
      <Filter>UI\HP</Filter>
    </ClInclude>
    <ClInclude Include="MonsterHP.h">
      <Filter>UI\HP</Filter>
    </ClInclude>
    <ClInclude Include="Status.h">
      <Filter>UI</Filter>
    </ClInclude>
    <ClInclude Include="Level_1.h">
      <Filter>Level\PlayLevel</Filter>
    </ClInclude>
    <ClInclude Include="BossLevel.h">
      <Filter>Level\PlayLevel</Filter>
    </ClInclude>
    <ClInclude Include="Level_2.h">
      <Filter>Level\PlayLevel</Filter>
    </ClInclude>
    <ClInclude Include="Level_3.h">
      <Filter>Level\PlayLevel</Filter>
    </ClInclude>
    <ClInclude Include="Level_4.h">
      <Filter>Level\PlayLevel</Filter>
    </ClInclude>
    <ClInclude Include="BossRoomLevel.h">
      <Filter>Level\PlayLevel</Filter>
    </ClInclude>
    <ClInclude Include="ContentsEnum.h" />
    <ClInclude Include="Bullet.h">
      <Filter>Actor\Play\Kirby</Filter>
    </ClInclude>
    <ClInclude Include="PlayUI.h">
      <Filter>Actor\Play\Global</Filter>
    </ClInclude>
    <ClInclude Include="Player.h">
      <Filter>Actor\Play\Global</Filter>
    </ClInclude>
    <ClInclude Include="Monster.h">
      <Filter>Actor\Play\Global</Filter>
    </ClInclude>
    <ClInclude Include="Item.h">
      <Filter>Actor\Play\Global</Filter>
    </ClInclude>
    <ClInclude Include="WaddleDee.h">
      <Filter>Actor\Play\Monster\Default</Filter>
    </ClInclude>
    <ClInclude Include="Scarfy.h">
      <Filter>Actor\Play\Monster\Default</Filter>
    </ClInclude>
    <ClInclude Include="IceKirby.h">
      <Filter>Actor\Play\Kirby</Filter>
    </ClInclude>
    <ClInclude Include="MetalKirby.h">
      <Filter>Actor\Play\Kirby</Filter>
    </ClInclude>
    <ClInclude Include="BackGround.h">
      <Filter>Actor\Play\Global\Back</Filter>
    </ClInclude>
    <ClInclude Include="Stage.h">
      <Filter>Actor\Play\Global\Back</Filter>
    </ClInclude>
    <ClInclude Include="MapActor.h">
      <Filter>Actor\Play\Global\Back</Filter>
    </ClInclude>
    <ClInclude Include="BigWaddleDee.h">
      <Filter>Actor\Play\Monster\Default</Filter>
    </ClInclude>
    <ClInclude Include="Grass.h">
      <Filter>Actor\Play\Global\Back\Grass</Filter>
    </ClInclude>
    <ClInclude Include="Grass_1.h">
      <Filter>Actor\Play\Global\Back\Grass</Filter>
    </ClInclude>
    <ClInclude Include="Grass_2.h">
      <Filter>Actor\Play\Global\Back\Grass</Filter>
    </ClInclude>
    <ClInclude Include="Kingdedede.h">
      <Filter>Actor\Play\Monster\Skilled</Filter>
    </ClInclude>
    <ClInclude Include="Metalun.h">
      <Filter>Actor\Play\Monster\Skilled</Filter>
    </ClInclude>
    <ClInclude Include="Pengy.h">
      <Filter>Actor\Play\Monster\Skilled</Filter>
    </ClInclude>
    <ClInclude Include="Sparky.h">
      <Filter>Actor\Play\Monster\Skilled</Filter>
    </ClInclude>
    <ClInclude Include="SparkKirby.h">
      <Filter>Actor\Play\Kirby</Filter>
    </ClInclude>
    <ClInclude Include="Grass_3.h">
      <Filter>Actor\Play\Global\Back\Grass</Filter>
    </ClInclude>
    <ClInclude Include="Grass_4.h">
      <Filter>Actor\Play\Global\Back\Grass</Filter>
    </ClInclude>
    <ClInclude Include="Grass_5.h">
      <Filter>Actor\Play\Global\Back\Grass</Filter>
    </ClInclude>
    <ClInclude Include="Water.h">
      <Filter>Actor\Play\Global\Back\Grass</Filter>
    </ClInclude>
    <ClInclude Include="Water_1.h">
      <Filter>Actor\Play\Global\Back\Grass</Filter>
    </ClInclude>
    <ClInclude Include="Water_2.h">
      <Filter>Actor\Play\Global\Back\Grass</Filter>
    </ClInclude>
    <ClInclude Include="Effect_Slide.h">
      <Filter>Actor\Play\Effect</Filter>
    </ClInclude>
    <ClInclude Include="Effect_Exhale.h">
      <Filter>Actor\Play\Effect</Filter>
    </ClInclude>
    <ClInclude Include="Effect_IceBreath.h">
      <Filter>Actor\Play\Effect</Filter>
    </ClInclude>
    <ClInclude Include="Effect_RunToStop.h">
      <Filter>Actor\Play\Effect</Filter>
    </ClInclude>
    <ClInclude Include="Effect_Attack.h">
      <Filter>Actor\Play\Effect</Filter>
    </ClInclude>
    <ClInclude Include="Effect_Star.h">
      <Filter>Actor\Play\Effect</Filter>
    </ClInclude>
    <ClInclude Include="Effect_Inhale.h">
      <Filter>Actor\Play\Effect</Filter>
    </ClInclude>
    <ClInclude Include="Effect_IceBox.h">
      <Filter>Actor\Play\Effect</Filter>
    </ClInclude>
  </ItemGroup>
  <ItemGroup>
    <Filter Include="Level">
      <UniqueIdentifier>{b7aea58c-363c-4ee7-8d29-ef088d02b253}</UniqueIdentifier>
    </Filter>
    <Filter Include="Title">
      <UniqueIdentifier>{ef5ba602-4ea0-41f1-8100-c777317d69b8}</UniqueIdentifier>
    </Filter>
    <Filter Include="Ending">
      <UniqueIdentifier>{f8f3ac68-bc35-4c47-b796-a267e23ed81e}</UniqueIdentifier>
    </Filter>
    <Filter Include="UI">
      <UniqueIdentifier>{5e7b0853-a45e-49b1-a560-3671e7c51051}</UniqueIdentifier>
    </Filter>
    <Filter Include="UI\HP">
      <UniqueIdentifier>{39e0f115-0675-4d66-80ab-b60f28d1aa0d}</UniqueIdentifier>
    </Filter>
    <Filter Include="Level\PlayLevel">
      <UniqueIdentifier>{a60b6b03-f36d-452b-9a1c-732a3fcb0e28}</UniqueIdentifier>
    </Filter>
    <Filter Include="Actor">
      <UniqueIdentifier>{bfd3ee65-3eb8-4630-87a7-dd66b569fbf0}</UniqueIdentifier>
    </Filter>
    <Filter Include="Actor\Play">
      <UniqueIdentifier>{a596af99-1bdc-47e4-bd33-a627af9aad09}</UniqueIdentifier>
    </Filter>
    <Filter Include="Actor\Play\Global">
      <UniqueIdentifier>{0ddab1ef-8ac2-4bfd-bccf-5e366ed66695}</UniqueIdentifier>
    </Filter>
    <Filter Include="Actor\Play\Kirby">
      <UniqueIdentifier>{be7030b5-71fc-4507-b536-92df6f7a6bf2}</UniqueIdentifier>
    </Filter>
    <Filter Include="Actor\Play\Monster">
      <UniqueIdentifier>{5c2a8d57-2c69-4bbb-a1c6-cd931518a3bb}</UniqueIdentifier>
    </Filter>
    <Filter Include="Actor\Play\Monster\Default">
      <UniqueIdentifier>{5918a43e-aa5a-417d-a431-3968be6cfc0e}</UniqueIdentifier>
    </Filter>
    <Filter Include="Actor\Play\Global\Back">
      <UniqueIdentifier>{244208ae-a4fe-4548-b96b-9d6d5ea61609}</UniqueIdentifier>
    </Filter>
    <Filter Include="Actor\Play\Global\Back\Grass">
      <UniqueIdentifier>{d1684ddc-c96d-4be2-9271-50bb372f2731}</UniqueIdentifier>
    </Filter>
    <Filter Include="Actor\Play\Monster\Skilled">
      <UniqueIdentifier>{689bf6ac-a095-4768-ad57-65a7a0c20165}</UniqueIdentifier>
    </Filter>
    <Filter Include="Actor\Play\Effect">
      <UniqueIdentifier>{b4f8f212-580c-435b-b69f-c79f78845c61}</UniqueIdentifier>
    </Filter>
  </ItemGroup>
</Project>